
Microsoft Visual Studio Solution File, Format Version 12.00
# Visual Studio 14
VisualStudioVersion = 14.0.24720.0
MinimumVisualStudioVersion = 10.0.40219.1
Project("{FAE04EC0-301F-11D3-BF4B-00C04F79EFBC}") = "PaleTree", "PaleTree\PaleTree.csproj", "{84F826FA-28C2-44CC-9872-7074C0ABC3ED}"
EndProject
Project("{FAE04EC0-301F-11D3-BF4B-00C04F79EFBC}") = "PaleTree.Plugins", "PaleTree.Plugins\PaleTree.Plugins.csproj", "{694421C4-7979-4440-A917-3712C926AA2B}"
EndProject
Project("{FAE04EC0-301F-11D3-BF4B-00C04F79EFBC}") = "PaleTree.Shared", "PaleTree.Shared\PaleTree.Shared.csproj", "{C80E0843-5174-42F7-8715-86B7E46BEABF}"
EndProject
Project("{FAE04EC0-301F-11D3-BF4B-00C04F79EFBC}") = "PaleTree.Plugins.VariablePreview", "PaleTree.Plugins.VariablePreview\PaleTree.Plugins.VariablePreview.csproj", "{F1E550BC-A28F-42D7-A4A1-3EC97AA20F0A}"
EndProject
Project("{FAE04EC0-301F-11D3-BF4B-00C04F79EFBC}") = "PaleTree.Plugins.Open010", "PaleTree.Plugins.Open010\PaleTree.Plugins.Open010.csproj", "{8E4DC01F-5E95-4F7F-AAA3-5A9126284CD2}"
EndProject
Project("{FAE04EC0-301F-11D3-BF4B-00C04F79EFBC}") = "PaleTree.Plugins.EntityLogger", "PaleTree.Plugins.EntityLogger\PaleTree.Plugins.EntityLogger.csproj", "{D1C5D49E-1B9B-4343-A48D-B70D1E6542F2}"
EndProject
Global
	GlobalSection(SolutionConfigurationPlatforms) = preSolution
		Debug|Any CPU = Debug|Any CPU
		Release|Any CPU = Release|Any CPU
	EndGlobalSection
	GlobalSection(ProjectConfigurationPlatforms) = postSolution
		{84F826FA-28C2-44CC-9872-7074C0ABC3ED}.Debug|Any CPU.ActiveCfg = Debug|Any CPU
		{84F826FA-28C2-44CC-9872-7074C0ABC3ED}.Debug|Any CPU.Build.0 = Debug|Any CPU
		{84F826FA-28C2-44CC-9872-7074C0ABC3ED}.Release|Any CPU.ActiveCfg = Release|Any CPU
		{84F826FA-28C2-44CC-9872-7074C0ABC3ED}.Release|Any CPU.Build.0 = Release|Any CPU
		{694421C4-7979-4440-A917-3712C926AA2B}.Debug|Any CPU.ActiveCfg = Debug|Any CPU
		{694421C4-7979-4440-A917-3712C926AA2B}.Debug|Any CPU.Build.0 = Debug|Any CPU
		{694421C4-7979-4440-A917-3712C926AA2B}.Release|Any CPU.ActiveCfg = Release|Any CPU
		{694421C4-7979-4440-A917-3712C926AA2B}.Release|Any CPU.Build.0 = Release|Any CPU
		{C80E0843-5174-42F7-8715-86B7E46BEABF}.Debug|Any CPU.ActiveCfg = Debug|Any CPU
		{C80E0843-5174-42F7-8715-86B7E46BEABF}.Debug|Any CPU.Build.0 = Debug|Any CPU
		{C80E0843-5174-42F7-8715-86B7E46BEABF}.Release|Any CPU.ActiveCfg = Release|Any CPU
		{C80E0843-5174-42F7-8715-86B7E46BEABF}.Release|Any CPU.Build.0 = Release|Any CPU
		{F1E550BC-A28F-42D7-A4A1-3EC97AA20F0A}.Debug|Any CPU.ActiveCfg = Debug|Any CPU
		{F1E550BC-A28F-42D7-A4A1-3EC97AA20F0A}.Debug|Any CPU.Build.0 = Debug|Any CPU
		{F1E550BC-A28F-42D7-A4A1-3EC97AA20F0A}.Release|Any CPU.ActiveCfg = Release|Any CPU
		{F1E550BC-A28F-42D7-A4A1-3EC97AA20F0A}.Release|Any CPU.Build.0 = Release|Any CPU
		{8E4DC01F-5E95-4F7F-AAA3-5A9126284CD2}.Debug|Any CPU.ActiveCfg = Debug|Any CPU
		{8E4DC01F-5E95-4F7F-AAA3-5A9126284CD2}.Debug|Any CPU.Build.0 = Debug|Any CPU
		{8E4DC01F-5E95-4F7F-AAA3-5A9126284CD2}.Release|Any CPU.ActiveCfg = Release|Any CPU
		{8E4DC01F-5E95-4F7F-AAA3-5A9126284CD2}.Release|Any CPU.Build.0 = Release|Any CPU
		{D1C5D49E-1B9B-4343-A48D-B70D1E6542F2}.Debug|Any CPU.ActiveCfg = Debug|Any CPU
		{D1C5D49E-1B9B-4343-A48D-B70D1E6542F2}.Debug|Any CPU.Build.0 = Debug|Any CPU
		{D1C5D49E-1B9B-4343-A48D-B70D1E6542F2}.Release|Any CPU.ActiveCfg = Release|Any CPU
		{D1C5D49E-1B9B-4343-A48D-B70D1E6542F2}.Release|Any CPU.Build.0 = Release|Any CPU
	EndGlobalSection
	GlobalSection(SolutionProperties) = preSolution
		HideSolutionNode = FALSE
	EndGlobalSection
EndGlobal
